
Microsoft Visual Studio Solution File, Format Version 12.00
# Visual Studio Version 16
VisualStudioVersion = 16.0.29411.108
MinimumVisualStudioVersion = 10.0.40219.1
Project("{FAE04EC0-301F-11D3-BF4B-00C04F79EFBC}") = "SelectionShort", "SelectionShort.csproj", "{39122F52-7FCC-4B92-B175-475CFB5912EA}"
EndProject
Project("{FAE04EC0-301F-11D3-BF4B-00C04F79EFBC}") = "InsertionSort", "..\InsertionSort\InsertionSort.csproj", "{5AC2A412-4E96-4366-917B-920A7E5D9924}"
EndProject
Global
	GlobalSection(SolutionConfigurationPlatforms) = preSolution
		Debug|Any CPU = Debug|Any CPU
		Release|Any CPU = Release|Any CPU
	EndGlobalSection
	GlobalSection(ProjectConfigurationPlatforms) = postSolution
		{39122F52-7FCC-4B92-B175-475CFB5912EA}.Debug|Any CPU.ActiveCfg = Debug|Any CPU
		{39122F52-7FCC-4B92-B175-475CFB5912EA}.Debug|Any CPU.Build.0 = Debug|Any CPU
		{39122F52-7FCC-4B92-B175-475CFB5912EA}.Release|Any CPU.ActiveCfg = Release|Any CPU
		{39122F52-7FCC-4B92-B175-475CFB5912EA}.Release|Any CPU.Build.0 = Release|Any CPU
		{5AC2A412-4E96-4366-917B-920A7E5D9924}.Debug|Any CPU.ActiveCfg = Debug|Any CPU
		{5AC2A412-4E96-4366-917B-920A7E5D9924}.Debug|Any CPU.Build.0 = Debug|Any CPU
		{5AC2A412-4E96-4366-917B-920A7E5D9924}.Release|Any CPU.ActiveCfg = Release|Any CPU
		{5AC2A412-4E96-4366-917B-920A7E5D9924}.Release|Any CPU.Build.0 = Release|Any CPU
	EndGlobalSection
	GlobalSection(SolutionProperties) = preSolution
		HideSolutionNode = FALSE
	EndGlobalSection
	GlobalSection(ExtensibilityGlobals) = postSolution
		SolutionGuid = {AE0B80BA-3652-4CC4-B0A9-E126693DEFD8}
	EndGlobalSection
EndGlobal
